// !$*UTF8*$!
{
	archiveVersion = 1;
	classes = {
	};
	objectVersion = 77;
	objects = {

/* Begin PBXBuildFile section */
		5600F2DE2F772E8900BF72DE /* FirebaseAuth in Frameworks */ = {isa = PBXBuildFile; productRef = 5600F2DD2F772E8900BF72DE /* FirebaseAuth */; };
		56703F412FC1695B0084B2BA /* Localizable.xcstrings in Resources */ = {isa = PBXBuildFile; fileRef = 56703F402FC1695B0084B2BA /* Localizable.xcstrings */; };
/* End PBXBuildFile section */

/* Begin PBXContainerItemProxy section */
		56F4C5EF2ECDB52D00417181 /* PBXContainerItemProxy */ = {
			isa = PBXContainerItemProxy;
			containerPortal = 56F4C5D92ECDB52C00417181 /* Project object */;
			proxyType = 1;
			remoteGlobalIDString = 56F4C5E02ECDB52C00417181;
			remoteInfo = Agil;
		};
		56F4C5F92ECDB52D00417181 /* PBXContainerItemProxy */ = {
			isa = PBXContainerItemProxy;
			containerPortal = 56F4C5D92ECDB52C00417181 /* Project object */;
			proxyType = 1;
			remoteGlobalIDString = 56F4C5E02ECDB52C00417181;
			remoteInfo = Agil;
		};
/* End PBXContainerItemProxy section */

/* Begin PBXFileReference section */
		561844D92F4D980F009032CE /* Agil10-0-Info.plist */ = {isa = PBXFileReference; lastKnownFileType = text.plist.xml; path = "Agil10-0-Info.plist"; sourceTree = "<group>"; };
		56703F402FC1695B0084B2BA /* Localizable.xcstrings */ = {isa = PBXFileReference; lastKnownFileType = text.json.xcstrings; path = Localizable.xcstrings; sourceTree = "<group>"; };
		56F4C5E12ECDB52C00417181 /* Agil10.0.app */ = {isa = PBXFileReference; explicitFileType = wrapper.application; includeInIndex = 0; path = Agil10.0.app; sourceTree = BUILT_PRODUCTS_DIR; };
		56F4C5EE2ECDB52D00417181 /* Agil10.0Tests.xctest */ = {isa = PBXFileReference; explicitFileType = wrapper.cfbundle; includeInIndex = 0; path = Agil10.0Tests.xctest; sourceTree = BUILT_PRODUCTS_DIR; };
		56F4C5F82ECDB52D00417181 /* Agil10.0UITests.xctest */ = {isa = PBXFileReference; explicitFileType = wrapper.cfbundle; includeInIndex = 0; path = Agil10.0UITests.xctest; sourceTree = BUILT_PRODUCTS_DIR; };
/* End PBXFileReference section */

/* Begin PBXFileSystemSynchronizedRootGroup section */
		5636C5552F837CAB0011D0CF /* Domain */ = {
			isa = PBXFileSystemSynchronizedRootGroup;
			path = Domain;
			sourceTree = "<group>";
		};
		5636C5602F837EDB0011D0CF /* Presentation */ = {
			isa = PBXFileSystemSynchronizedRootGroup;
			path = Presentation;
			sourceTree = "<group>";
		};
		5636C6E32F842E0D0011D0CF /* Data */ = {
			isa = PBXFileSystemSynchronizedRootGroup;
			path = Data;
			sourceTree = "<group>";
		};
		5636C7222F8439230011D0CF /* Infrastructure */ = {
			isa = PBXFileSystemSynchronizedRootGroup;
			path = Infrastructure;
			sourceTree = "<group>";
		};
		5636C7242F84396F0011D0CF /* Core */ = {
			isa = PBXFileSystemSynchronizedRootGroup;
			path = Core;
			sourceTree = "<group>";
		};
		56F4C5E32ECDB52C00417181 /* Agil */ = {
			isa = PBXFileSystemSynchronizedRootGroup;
			path = Agil;
			sourceTree = "<group>";
		};
		56F4C5F12ECDB52D00417181 /* AgilTests */ = {
			isa = PBXFileSystemSynchronizedRootGroup;
			path = AgilTests;
			sourceTree = "<group>";
		};
		56F4C5FB2ECDB52D00417181 /* AgilUITests */ = {
			isa = PBXFileSystemSynchronizedRootGroup;
			path = AgilUITests;
			sourceTree = "<group>";
		};
/* End PBXFileSystemSynchronizedRootGroup section */

/* Begin PBXFrameworksBuildPhase section */
		56F4C5DE2ECDB52C00417181 /* Frameworks */ = {
			isa = PBXFrameworksBuildPhase;
			buildActionMask = 2147483647;
			files = (
				5600F2DE2F772E8900BF72DE /* FirebaseAuth in Frameworks */,
			);
			runOnlyForDeploymentPostprocessing = 0;
		};
		56F4C5EB2ECDB52D00417181 /* Frameworks */ = {
			isa = PBXFrameworksBuildPhase;
			buildActionMask = 2147483647;
			files = (
			);
			runOnlyForDeploymentPostprocessing = 0;
		};
		56F4C5F52ECDB52D00417181 /* Frameworks */ = {
			isa = PBXFrameworksBuildPhase;
			buildActionMask = 2147483647;
			files = (
			);
			runOnlyForDeploymentPostprocessing = 0;
		};
/* End PBXFrameworksBuildPhase section */

/* Begin PBXGroup section */
		56F4C5D82ECDB52C00417181 = {
			isa = PBXGroup;
			children = (
				56703F402FC1695B0084B2BA /* Localizable.xcstrings */,
				561844D92F4D980F009032CE /* Agil10-0-Info.plist */,
				5636C5552F837CAB0011D0CF /* Domain */,
				5636C6E32F842E0D0011D0CF /* Data */,
				5636C5602F837EDB0011D0CF /* Presentation */,
				5636C7222F8439230011D0CF /* Infrastructure */,
				5636C7242F84396F0011D0CF /* Core */,
				56F4C5E32ECDB52C00417181 /* Agil */,
				56F4C5F12ECDB52D00417181 /* AgilTests */,
				56F4C5FB2ECDB52D00417181 /* AgilUITests */,
				56F4C5E22ECDB52C00417181 /* Products */,
			);
			sourceTree = "<group>";
		};
		56F4C5E22ECDB52C00417181 /* Products */ = {
			isa = PBXGroup;
			children = (
				56F4C5E12ECDB52C00417181 /* Agil10.0.app */,
				56F4C5EE2ECDB52D00417181 /* Agil10.0Tests.xctest */,
				56F4C5F82ECDB52D00417181 /* Agil10.0UITests.xctest */,
			);
			name = Products;
			sourceTree = "<group>";
		};
/* End PBXGroup section */

/* Begin PBXNativeTarget section */
		56F4C5E02ECDB52C00417181 /* Agil10.0 */ = {
			isa = PBXNativeTarget;
			buildConfigurationList = 56F4C6022ECDB52D00417181 /* Build configuration list for PBXNativeTarget "Agil10.0" */;
			buildPhases = (
				56F4C5DD2ECDB52C00417181 /* Sources */,
				56F4C5DE2ECDB52C00417181 /* Frameworks */,
				56F4C5DF2ECDB52C00417181 /* Resources */,
			);
			buildRules = (
			);
			dependencies = (
			);
			fileSystemSynchronizedGroups = (
				5636C5552F837CAB0011D0CF /* Domain */,
				5636C5602F837EDB0011D0CF /* Presentation */,
				5636C6E32F842E0D0011D0CF /* Data */,
				5636C7222F8439230011D0CF /* Infrastructure */,
				5636C7242F84396F0011D0CF /* Core */,
				56F4C5E32ECDB52C00417181 /* Agil */,
			);
			name = Agil10.0;
			packageProductDependencies = (
				5600F2DD2F772E8900BF72DE /* FirebaseAuth */,
			);
			productName = Agil;
			productReference = 56F4C5E12ECDB52C00417181 /* Agil10.0.app */;
			productType = "com.apple.product-type.application";
		};
		56F4C5ED2ECDB52D00417181 /* Agil10.0Tests */ = {
			isa = PBXNativeTarget;
			buildConfigurationList = 56F4C6052ECDB52D00417181 /* Build configuration list for PBXNativeTarget "Agil10.0Tests" */;
			buildPhases = (
				56F4C5EA2ECDB52D00417181 /* Sources */,
				56F4C5EB2ECDB52D00417181 /* Frameworks */,
				56F4C5EC2ECDB52D00417181 /* Resources */,
			);
			buildRules = (
			);
			dependencies = (
				56F4C5F02ECDB52D00417181 /* PBXTargetDependency */,
			);
			fileSystemSynchronizedGroups = (
				56F4C5F12ECDB52D00417181 /* AgilTests */,
			);
			name = Agil10.0Tests;
			packageProductDependencies = (
			);
			productName = AgilTests;
			productReference = 56F4C5EE2ECDB52D00417181 /* Agil10.0Tests.xctest */;
			productType = "com.apple.product-type.bundle.unit-test";
		};
		56F4C5F72ECDB52D00417181 /* Agil10.0UITests */ = {
			isa = PBXNativeTarget;
			buildConfigurationList = 56F4C6082ECDB52D00417181 /* Build configuration list for PBXNativeTarget "Agil10.0UITests" */;
			buildPhases = (
				56F4C5F42ECDB52D00417181 /* Sources */,
				56F4C5F52ECDB52D00417181 /* Frameworks */,
				56F4C5F62ECDB52D00417181 /* Resources */,
			);
			buildRules = (
			);
			dependencies = (
				56F4C5FA2ECDB52D00417181 /* PBXTargetDependency */,
			);
			fileSystemSynchronizedGroups = (
				56F4C5FB2ECDB52D00417181 /* AgilUITests */,
			);
			name = Agil10.0UITests;
			packageProductDependencies = (
			);
			productName = AgilUITests;
			productReference = 56F4C5F82ECDB52D00417181 /* Agil10.0UITests.xctest */;
			productType = "com.apple.product-type.bundle.ui-testing";
		};
/* End PBXNativeTarget section */

/* Begin PBXProject section */
		56F4C5D92ECDB52C00417181 /* Project object */ = {
			isa = PBXProject;
			attributes = {
				BuildIndependentTargetsInParallel = 1;
				LastSwiftUpdateCheck = 1630;
				LastUpgradeCheck = 2640;
				TargetAttributes = {
					56F4C5E02ECDB52C00417181 = {
						CreatedOnToolsVersion = 16.3;
					};
					56F4C5ED2ECDB52D00417181 = {
						CreatedOnToolsVersion = 16.3;
						TestTargetID = 56F4C5E02ECDB52C00417181;
					};
					56F4C5F72ECDB52D00417181 = {
						CreatedOnToolsVersion = 16.3;
						TestTargetID = 56F4C5E02ECDB52C00417181;
					};
				};
			};
			buildConfigurationList = 56F4C5DC2ECDB52C00417181 /* Build configuration list for PBXProject "Agil10.0" */;
			developmentRegion = en;
			hasScannedForEncodings = 0;
			knownRegions = (
				en,
				Base,
				de,
			);
			mainGroup = 56F4C5D82ECDB52C00417181;
			minimizedProjectReferenceProxies = 1;
			packageReferences = (
				5688B84E2F77177600641CB9 /* XCRemoteSwiftPackageReference "firebase-ios-sdk" */,
			);
			preferredProjectObjectVersion = 77;
			productRefGroup = 56F4C5E22ECDB52C00417181 /* Products */;
			projectDirPath = "";
			projectRoot = "";
			targets = (
				56F4C5E02ECDB52C00417181 /* Agil10.0 */,
				56F4C5ED2ECDB52D00417181 /* Agil10.0Tests */,
				56F4C5F72ECDB52D00417181 /* Agil10.0UITests */,
			);
		};
/* End PBXProject section */

/* Begin PBXResourcesBuildPhase section */
		56F4C5DF2ECDB52C00417181 /* Resources */ = {
			isa = PBXResourcesBuildPhase;
			buildActionMask = 2147483647;
			files = (
				56703F412FC1695B0084B2BA /* Localizable.xcstrings in Resources */,
			);
			runOnlyForDeploymentPostprocessing = 0;
		};
		56F4C5EC2ECDB52D00417181 /* Resources */ = {
			isa = PBXResourcesBuildPhase;
			buildActionMask = 2147483647;
			files = (
			);
			runOnlyForDeploymentPostprocessing = 0;
		};
		56F4C5F62ECDB52D00417181 /* Resources */ = {
			isa = PBXResourcesBuildPhase;
			buildActionMask = 2147483647;
			files = (
			);
			runOnlyForDeploymentPostprocessing = 0;
		};
/* End PBXResourcesBuildPhase section */

/* Begin PBXSourcesBuildPhase section */
		56F4C5DD2ECDB52C00417181 /* Sources */ = {
			isa = PBXSourcesBuildPhase;
			buildActionMask = 2147483647;
			files = (
			);
			runOnlyForDeploymentPostprocessing = 0;
		};
		56F4C5EA2ECDB52D00417181 /* Sources */ = {
			isa = PBXSourcesBuildPhase;
			buildActionMask = 2147483647;
			files = (
			);
			runOnlyForDeploymentPostprocessing = 0;
		};
		56F4C5F42ECDB52D00417181 /* Sources */ = {
			isa = PBXSourcesBuildPhase;
			buildActionMask = 2147483647;
			files = (
			);
			runOnlyForDeploymentPostprocessing = 0;
		};
/* End PBXSourcesBuildPhase section */

/* Begin PBXTargetDependency section */
		56F4C5F02ECDB52D00417181 /* PBXTargetDependency */ = {
			isa = PBXTargetDependency;
			target = 56F4C5E02ECDB52C00417181 /* Agil10.0 */;
			targetProxy = 56F4C5EF2ECDB52D00417181 /* PBXContainerItemProxy */;
		};
		56F4C5FA2ECDB52D00417181 /* PBXTargetDependency */ = {
			isa = PBXTargetDependency;
			target = 56F4C5E02ECDB52C00417181 /* Agil10.0 */;
			targetProxy = 56F4C5F92ECDB52D00417181 /* PBXContainerItemProxy */;
		};
/* End PBXTargetDependency section */

/* Begin XCBuildConfiguration section */
		56F4C6002ECDB52D00417181 /* Debug */ = {
			isa = XCBuildConfiguration;
			buildSettings = {
				ALWAYS_SEARCH_USER_PATHS = NO;
				ASSETCATALOG_COMPILER_GENERATE_SWIFT_ASSET_SYMBOL_EXTENSIONS = YES;
				CLANG_ANALYZER_NONNULL = YES;
				CLANG_ANALYZER_NUMBER_OBJECT_CONVERSION = YES_AGGRESSIVE;
				CLANG_CXX_LANGUAGE_STANDARD = "gnu++20";
				CLANG_ENABLE_MODULES = YES;
				CLANG_ENABLE_OBJC_ARC = YES;
				CLANG_ENABLE_OBJC_WEAK = YES;
				CLANG_WARN_BLOCK_CAPTURE_AUTORELEASING = YES;
				CLANG_WARN_BOOL_CONVERSION = YES;
				CLANG_WARN_COMMA = YES;
				CLANG_WARN_CONSTANT_CONVERSION = YES;
				CLANG_WARN_DEPRECATED_OBJC_IMPLEMENTATIONS = YES;
				CLANG_WARN_DIRECT_OBJC_ISA_USAGE = YES_ERROR;
				CLANG_WARN_DOCUMENTATION_COMMENTS = YES;
				CLANG_WARN_EMPTY_BODY = YES;
				CLANG_WARN_ENUM_CONVERSION = YES;
				CLANG_WARN_INFINITE_RECURSION = YES;
				CLANG_WARN_INT_CONVERSION = YES;
				CLANG_WARN_NON_LITERAL_NULL_CONVERSION = YES;
				CLANG_WARN_OBJC_IMPLICIT_RETAIN_SELF = YES;
				CLANG_WARN_OBJC_LITERAL_CONVERSION = YES;
				CLANG_WARN_OBJC_ROOT_CLASS = YES_ERROR;
				CLANG_WARN_QUOTED_INCLUDE_IN_FRAMEWORK_HEADER = YES;
				CLANG_WARN_RANGE_LOOP_ANALYSIS = YES;
				CLANG_WARN_STRICT_PROTOTYPES = YES;
				CLANG_WARN_SUSPICIOUS_MOVE = YES;
				CLANG_WARN_UNGUARDED_AVAILABILITY = YES_AGGRESSIVE;
				CLANG_WARN_UNREACHABLE_CODE = YES;
				CLANG_WARN__DUPLICATE_METHOD_MATCH = YES;
				COPY_PHASE_STRIP = NO;
				DEBUG_INFORMATION_FORMAT = dwarf;
				DEVELOPMENT_TEAM = YMV844AGB3;
				ENABLE_STRICT_OBJC_MSGSEND = YES;
				ENABLE_TESTABILITY = YES;
				ENABLE_USER_SCRIPT_SANDBOXING = YES;
				GCC_C_LANGUAGE_STANDARD = gnu17;
				GCC_DYNAMIC_NO_PIC = NO;
				GCC_NO_COMMON_BLOCKS = YES;
				GCC_OPTIMIZATION_LEVEL = 0;
				GCC_PREPROCESSOR_DEFINITIONS = (
					"DEBUG=1",
					"$(inherited)",
				);
				GCC_WARN_64_TO_32_BIT_CONVERSION = YES;
				GCC_WARN_ABOUT_RETURN_TYPE = YES_ERROR;
				GCC_WARN_UNDECLARED_SELECTOR = YES;
				GCC_WARN_UNINITIALIZED_AUTOS = YES_AGGRESSIVE;
				GCC_WARN_UNUSED_FUNCTION = YES;
				GCC_WARN_UNUSED_VARIABLE = YES;
				IPHONEOS_DEPLOYMENT_TARGET = 18.4;
				LOCALIZATION_PREFERS_STRING_CATALOGS = YES;
				MTL_ENABLE_DEBUG_INFO = INCLUDE_SOURCE;
				MTL_FAST_MATH = YES;
				ONLY_ACTIVE_ARCH = YES;
				SDKROOT = iphoneos;
				STRING_CATALOG_GENERATE_SYMBOLS = YES;
				SWIFT_ACTIVE_COMPILATION_CONDITIONS = "DEBUG $(inherited)";
				SWIFT_EMIT_LOC_STRINGS = YES;
				SWIFT_OPTIMIZATION_LEVEL = "-Onone";
			};
			name = Debug;
		};
		56F4C6012ECDB52D00417181 /* Release */ = {
			isa = XCBuildConfiguration;
			buildSettings = {
				ALWAYS_SEARCH_USER_PATHS = NO;
				ASSETCATALOG_COMPILER_GENERATE_SWIFT_ASSET_SYMBOL_EXTENSIONS = YES;
				CLANG_ANALYZER_NONNULL = YES;
				CLANG_ANALYZER_NUMBER_OBJECT_CONVERSION = YES_AGGRESSIVE;
				CLANG_CXX_LANGUAGE_STANDARD = "gnu++20";
				CLANG_ENABLE_MODULES = YES;
				CLANG_ENABLE_OBJC_ARC = YES;
				CLANG_ENABLE_OBJC_WEAK = YES;
				CLANG_WARN_BLOCK_CAPTURE_AUTORELEASING = YES;
				CLANG_WARN_BOOL_CONVERSION = YES;
				CLANG_WARN_COMMA = YES;
				CLANG_WARN_CONSTANT_CONVERSION = YES;
				CLANG_WARN_DEPRECATED_OBJC_IMPLEMENTATIONS = YES;
				CLANG_WARN_DIRECT_OBJC_ISA_USAGE = YES_ERROR;
				CLANG_WARN_DOCUMENTATION_COMMENTS = YES;
				CLANG_WARN_EMPTY_BODY = YES;
				CLANG_WARN_ENUM_CONVERSION = YES;
				CLANG_WARN_INFINITE_RECURSION = YES;
				CLANG_WARN_INT_CONVERSION = YES;
				CLANG_WARN_NON_LITERAL_NULL_CONVERSION = YES;
				CLANG_WARN_OBJC_IMPLICIT_RETAIN_SELF = YES;
				CLANG_WARN_OBJC_LITERAL_CONVERSION = YES;
				CLANG_WARN_OBJC_ROOT_CLASS = YES_ERROR;
				CLANG_WARN_QUOTED_INCLUDE_IN_FRAMEWORK_HEADER = YES;
				CLANG_WARN_RANGE_LOOP_ANALYSIS = YES;
				CLANG_WARN_STRICT_PROTOTYPES = YES;
				CLANG_WARN_SUSPICIOUS_MOVE = YES;
				CLANG_WARN_UNGUARDED_AVAILABILITY = YES_AGGRESSIVE;
				CLANG_WARN_UNREACHABLE_CODE = YES;
				CLANG_WARN__DUPLICATE_METHOD_MATCH = YES;
				COPY_PHASE_STRIP = NO;
				DEBUG_INFORMATION_FORMAT = "dwarf-with-dsym";
				DEVELOPMENT_TEAM = YMV844AGB3;
				ENABLE_NS_ASSERTIONS = NO;
				ENABLE_STRICT_OBJC_MSGSEND = YES;
				ENABLE_USER_SCRIPT_SANDBOXING = YES;
				GCC_C_LANGUAGE_STANDARD = gnu17;
				GCC_NO_COMMON_BLOCKS = YES;
				GCC_WARN_64_TO_32_BIT_CONVERSION = YES;
				GCC_WARN_ABOUT_RETURN_TYPE = YES_ERROR;
				GCC_WARN_UNDECLARED_SELECTOR = YES;
				GCC_WARN_UNINITIALIZED_AUTOS = YES_AGGRESSIVE;
				GCC_WARN_UNUSED_FUNCTION = YES;
				GCC_WARN_UNUSED_VARIABLE = YES;
				IPHONEOS_DEPLOYMENT_TARGET = 18.4;
				LOCALIZATION_PREFERS_STRING_CATALOGS = YES;
				MTL_ENABLE_DEBUG_INFO = NO;
				MTL_FAST_MATH = YES;
				SDKROOT = iphoneos;
				STRING_CATALOG_GENERATE_SYMBOLS = YES;
				SWIFT_COMPILATION_MODE = wholemodule;
				SWIFT_EMIT_LOC_STRINGS = YES;
				VALIDATE_PRODUCT = YES;
			};
			name = Release;
		};
		56F4C6032ECDB52D00417181 /* Debug */ = {
			isa = XCBuildConfiguration;
			buildSettings = {
				ASSETCATALOG_COMPILER_APPICON_NAME = AppIcon;
				ASSETCATALOG_COMPILER_GLOBAL_ACCENT_COLOR_NAME = AccentColor;
				CODE_SIGN_IDENTITY = "Apple Development";
				CODE_SIGN_STYLE = Automatic;
				CURRENT_PROJECT_VERSION = 1;
				DEVELOPMENT_TEAM = Y73Y989LWS;
				ENABLE_PREVIEWS = YES;
				GENERATE_INFOPLIST_FILE = YES;
				INFOPLIST_FILE = "Agil10-0-Info.plist";
				INFOPLIST_KEY_CFBundleDisplayName = "agil home";
				INFOPLIST_KEY_NSCalendarsFullAccessUsageDescription = "Agil greift auf deinen Kalender zu, um Praxistermine anzuzeigen und zu verwalten. Alle Termine werden ausschließlich lokal auf deinem Gerät verarbeitet.";
				INFOPLIST_KEY_NSCalendarsUsageDescription = "Agil greift auf deinen Kalender zu, um Praxistermine anzuzeigen und zu verwalten. Alle Termine werden ausschließlich lokal auf deinem Gerät verarbeitet.";
				INFOPLIST_KEY_NSCalendarsWriteOnlyAccessUsageDescription = "Agil fügt neue Praxistermine zu deinem Kalender hinzu. Es werden keine bestehenden Kalenderdaten gelesen oder an Server übertragen.";
				INFOPLIST_KEY_NSCameraUsageDescription = "Agil nutzt die Kamera ausschließlich zur Aufnahme deiner Übungsvideos. Die Aufnahmen werden lokal auf deinem Gerät gespeichert und nicht an Server übertragen.";
				INFOPLIST_KEY_NSFaceIDUsageDescription = "Agil verwendet Face ID, um deine Praxisdaten vor unbefugtem Zugriff zu schützen. Die biometrischen Daten verlassen niemals dein Gerät — sie werden ausschließlich von iOS in der Secure Enclave verarbeitet.";
				INFOPLIST_KEY_NSMicrophoneUsageDescription = "Agil nutzt das Mikrofon ausschließlich für die Tonspur deiner Übungsvideos. Die Aufnahmen verbleiben lokal auf deinem Gerät.";
				INFOPLIST_KEY_UIApplicationSceneManifest_Generation = YES;
				INFOPLIST_KEY_UIApplicationSupportsIndirectInputEvents = YES;
				INFOPLIST_KEY_UILaunchScreen_Generation = YES;
				INFOPLIST_KEY_UISupportedInterfaceOrientations_iPad = "UIInterfaceOrientationPortrait UIInterfaceOrientationPortraitUpsideDown UIInterfaceOrientationLandscapeLeft UIInterfaceOrientationLandscapeRight";
				INFOPLIST_KEY_UISupportedInterfaceOrientations_iPhone = "UIInterfaceOrientationPortrait UIInterfaceOrientationLandscapeLeft UIInterfaceOrientationLandscapeRight";
				IPHONEOS_DEPLOYMENT_TARGET = 26.0;
				LD_RUNPATH_SEARCH_PATHS = (
					"$(inherited)",
					"@executable_path/Frameworks",
				);
				MARKETING_VERSION = 1.0;
				PRODUCT_BUNDLE_IDENTIFIER = com.CRoth.Agil;
				PRODUCT_NAME = "$(TARGET_NAME)";
				PROVISIONING_PROFILE_SPECIFIER = "";
				SWIFT_EMIT_LOC_STRINGS = YES;
				SWIFT_VERSION = 5.0;
				TARGETED_DEVICE_FAMILY = "1,2";
			};
			name = Debug;
		};
		56F4C6042ECDB52D00417181 /* Release */ = {
			isa = XCBuildConfiguration;
			buildSettings = {
				ASSETCATALOG_COMPILER_APPICON_NAME = AppIcon;
				ASSETCATALOG_COMPILER_GLOBAL_ACCENT_COLOR_NAME = AccentColor;
				CODE_SIGN_IDENTITY = "Apple Development";
				CODE_SIGN_STYLE = Automatic;
				CURRENT_PROJECT_VERSION = 1;
				DEVELOPMENT_TEAM = Y73Y989LWS;
				ENABLE_PREVIEWS = YES;
				GENERATE_INFOPLIST_FILE = YES;
				INFOPLIST_FILE = "Agil10-0-Info.plist";
				INFOPLIST_KEY_CFBundleDisplayName = "agil home";
				INFOPLIST_KEY_NSCalendarsFullAccessUsageDescription = "Agil greift auf deinen Kalender zu, um Praxistermine anzuzeigen und zu verwalten. Alle Termine werden ausschließlich lokal auf deinem Gerät verarbeitet.";
				INFOPLIST_KEY_NSCalendarsUsageDescription = "Agil greift auf deinen Kalender zu, um Praxistermine anzuzeigen und zu verwalten. Alle Termine werden ausschließlich lokal auf deinem Gerät verarbeitet.";
				INFOPLIST_KEY_NSCalendarsWriteOnlyAccessUsageDescription = "Agil fügt neue Praxistermine zu deinem Kalender hinzu. Es werden keine bestehenden Kalenderdaten gelesen oder an Server übertragen.";
				INFOPLIST_KEY_NSCameraUsageDescription = "Agil nutzt die Kamera ausschließlich zur Aufnahme deiner Übungsvideos. Die Aufnahmen werden lokal auf deinem Gerät gespeichert und nicht an Server übertragen.";
				INFOPLIST_KEY_NSFaceIDUsageDescription = "Agil verwendet Face ID, um deine Praxisdaten vor unbefugtem Zugriff zu schützen. Die biometrischen Daten verlassen niemals dein Gerät — sie werden ausschließlich von iOS in der Secure Enclave verarbeitet.";
				INFOPLIST_KEY_NSMicrophoneUsageDescription = "Agil nutzt das Mikrofon ausschließlich für die Tonspur deiner Übungsvideos. Die Aufnahmen verbleiben lokal auf deinem Gerät.";
				INFOPLIST_KEY_UIApplicationSceneManifest_Generation = YES;
				INFOPLIST_KEY_UIApplicationSupportsIndirectInputEvents = YES;
				INFOPLIST_KEY_UILaunchScreen_Generation = YES;
				INFOPLIST_KEY_UISupportedInterfaceOrientations_iPad = "UIInterfaceOrientationPortrait UIInterfaceOrientationPortraitUpsideDown UIInterfaceOrientationLandscapeLeft UIInterfaceOrientationLandscapeRight";
				INFOPLIST_KEY_UISupportedInterfaceOrientations_iPhone = "UIInterfaceOrientationPortrait UIInterfaceOrientationLandscapeLeft UIInterfaceOrientationLandscapeRight";
				IPHONEOS_DEPLOYMENT_TARGET = 26.0;
				LD_RUNPATH_SEARCH_PATHS = (
					"$(inherited)",
					"@executable_path/Frameworks",
				);
				MARKETING_VERSION = 1.0;
				PRODUCT_BUNDLE_IDENTIFIER = com.CRoth.Agil;
				PRODUCT_NAME = "$(TARGET_NAME)";
				PROVISIONING_PROFILE_SPECIFIER = "";
				SWIFT_EMIT_LOC_STRINGS = YES;
				SWIFT_VERSION = 5.0;
				TARGETED_DEVICE_FAMILY = "1,2";
			};
			name = Release;
		};
		56F4C6062ECDB52D00417181 /* Debug */ = {
			isa = XCBuildConfiguration;
			buildSettings = {
				BUNDLE_LOADER = "$(TEST_HOST)";
				CODE_SIGN_STYLE = Automatic;
				CURRENT_PROJECT_VERSION = 1;
				DEVELOPMENT_TEAM = Y73Y989LWS;
				GENERATE_INFOPLIST_FILE = YES;
				IPHONEOS_DEPLOYMENT_TARGET = 18.4;
				MARKETING_VERSION = 1.0;
				PRODUCT_BUNDLE_IDENTIFIER = com.CRoth.AgilTests;
				PRODUCT_NAME = "$(TARGET_NAME)";
				SWIFT_EMIT_LOC_STRINGS = NO;
				SWIFT_VERSION = 5.0;
				TARGETED_DEVICE_FAMILY = "1,2";
				TEST_HOST = "$(BUILT_PRODUCTS_DIR)/Agil10.0.app/$(BUNDLE_EXECUTABLE_FOLDER_PATH)/Agil10.0";
			};
			name = Debug;
		};
		56F4C6072ECDB52D00417181 /* Release */ = {
			isa = XCBuildConfiguration;
			buildSettings = {
				BUNDLE_LOADER = "$(TEST_HOST)";
				CODE_SIGN_STYLE = Automatic;
				CURRENT_PROJECT_VERSION = 1;
				DEVELOPMENT_TEAM = Y73Y989LWS;
				GENERATE_INFOPLIST_FILE = YES;
				IPHONEOS_DEPLOYMENT_TARGET = 18.4;
				MARKETING_VERSION = 1.0;
				PRODUCT_BUNDLE_IDENTIFIER = com.CRoth.AgilTests;
				PRODUCT_NAME = "$(TARGET_NAME)";
				SWIFT_EMIT_LOC_STRINGS = NO;
				SWIFT_VERSION = 5.0;
				TARGETED_DEVICE_FAMILY = "1,2";
				TEST_HOST = "$(BUILT_PRODUCTS_DIR)/Agil10.0.app/$(BUNDLE_EXECUTABLE_FOLDER_PATH)/Agil10.0";
			};
			name = Release;
		};
		56F4C6092ECDB52D00417181 /* Debug */ = {
			isa = XCBuildConfiguration;
			buildSettings = {
				CODE_SIGN_STYLE = Automatic;
				CURRENT_PROJECT_VERSION = 1;
				DEVELOPMENT_TEAM = Y73Y989LWS;
				GENERATE_INFOPLIST_FILE = YES;
				MARKETING_VERSION = 1.0;
				PRODUCT_BUNDLE_IDENTIFIER = com.CRoth.AgilUITests;
				PRODUCT_NAME = "$(TARGET_NAME)";
				SWIFT_EMIT_LOC_STRINGS = NO;
				SWIFT_VERSION = 5.0;
				TARGETED_DEVICE_FAMILY = "1,2";
				TEST_TARGET_NAME = Agil;
			};
			name = Debug;
		};
		56F4C60A2ECDB52D00417181 /* Release */ = {
			isa = XCBuildConfiguration;
			buildSettings = {
				CODE_SIGN_STYLE = Automatic;
				CURRENT_PROJECT_VERSION = 1;
				DEVELOPMENT_TEAM = Y73Y989LWS;
				GENERATE_INFOPLIST_FILE = YES;
				MARKETING_VERSION = 1.0;
				PRODUCT_BUNDLE_IDENTIFIER = com.CRoth.AgilUITests;
				PRODUCT_NAME = "$(TARGET_NAME)";
				SWIFT_EMIT_LOC_STRINGS = NO;
				SWIFT_VERSION = 5.0;
				TARGETED_DEVICE_FAMILY = "1,2";
				TEST_TARGET_NAME = Agil;
			};
			name = Release;
		};
/* End XCBuildConfiguration section */

/* Begin XCConfigurationList section */
		56F4C5DC2ECDB52C00417181 /* Build configuration list for PBXProject "Agil10.0" */ = {
			isa = XCConfigurationList;
			buildConfigurations = (
				56F4C6002ECDB52D00417181 /* Debug */,
				56F4C6012ECDB52D00417181 /* Release */,
			);
			defaultConfigurationIsVisible = 0;
			defaultConfigurationName = Release;
		};
		56F4C6022ECDB52D00417181 /* Build configuration list for PBXNativeTarget "Agil10.0" */ = {
			isa = XCConfigurationList;
			buildConfigurations = (
				56F4C6032ECDB52D00417181 /* Debug */,
				56F4C6042ECDB52D00417181 /* Release */,
			);
			defaultConfigurationIsVisible = 0;
			defaultConfigurationName = Release;
		};
		56F4C6052ECDB52D00417181 /* Build configuration list for PBXNativeTarget "Agil10.0Tests" */ = {
			isa = XCConfigurationList;
			buildConfigurations = (
				56F4C6062ECDB52D00417181 /* Debug */,
				56F4C6072ECDB52D00417181 /* Release */,
			);
			defaultConfigurationIsVisible = 0;
			defaultConfigurationName = Release;
		};
		56F4C6082ECDB52D00417181 /* Build configuration list for PBXNativeTarget "Agil10.0UITests" */ = {
			isa = XCConfigurationList;
			buildConfigurations = (
				56F4C6092ECDB52D00417181 /* Debug */,
				56F4C60A2ECDB52D00417181 /* Release */,
			);
			defaultConfigurationIsVisible = 0;
			defaultConfigurationName = Release;
		};
/* End XCConfigurationList section */

/* Begin XCRemoteSwiftPackageReference section */
		5688B84E2F77177600641CB9 /* XCRemoteSwiftPackageReference "firebase-ios-sdk" */ = {
			isa = XCRemoteSwiftPackageReference;
			repositoryURL = "https://github.com/firebase/firebase-ios-sdk";
			requirement = {
				kind = upToNextMajorVersion;
				minimumVersion = 12.11.0;
			};
		};
/* End XCRemoteSwiftPackageReference section */

/* Begin XCSwiftPackageProductDependency section */
		5600F2DD2F772E8900BF72DE /* FirebaseAuth */ = {
			isa = XCSwiftPackageProductDependency;
			package = 5688B84E2F77177600641CB9 /* XCRemoteSwiftPackageReference "firebase-ios-sdk" */;
			productName = FirebaseAuth;
		};
/* End XCSwiftPackageProductDependency section */
	};
	rootObject = 56F4C5D92ECDB52C00417181 /* Project object */;
}
